anyio==4.15.1
certifi==2026.7.22
cf-xarray==0.11.3
cftime==1.6.6
donfig==0.8.1.post1
flexcache==0.3
flexparser==0.4
flox==0.11.2
google-crc32c==1.9.0
h11==0.16.0
httpcore==1.0.9
httpx==0.28.1
idna==3.20
iniconfig==2.3.0
msgspec==0.22.0
numcodecs==0.17.0
numpy==2.5.3
numpy-groupies==0.12.3
packaging==26.3
pandas==3.0.6
pillow==12.3.0
pint==0.26.1
pint-xarray==0.6.1
platformdirs==4.12.1
pluggy==1.6.0
pygments==2.21.0
pytest==9.1.1
python-dateutil==2.9.0.post0
python-dotenv==1.2.3
pyyaml==6.0.3
scipy==1.18.1
shapely==2.1.2
six==1.17.0
toolz==1.1.0
typing-extensions==4.16.0
weather-skills-core @ git+https://github.com/rhiza-research/weather-skills-core@e118b9531181224cb1459efbd9f2b114117f0a79
xarray==2026.7.0
xarray-regrid==0.4.2
zarr==3.4.0
