version = 1
revision = 3
requires-python = "==3.12.*"
resolution-markers = [
    "sys_platform == 'win32'",
    "sys_platform == 'emscripten'",
    "sys_platform != 'emscripten' and sys_platform != 'win32'",
]

[[package]]
name = "anyio"
version = "4.15.1"
source = { registry = "https://pypi.org/simple" }
dependencies = [
    { name = "idna" },
    { name = "typing-extensions" },
]
sdist = { url = "https://files.pythonhosted.org/packages/a9/d2/f4d173e22df740bc37b1db102b386ba719b66e95b0f0d751f556b387e6d2/anyio-4.15.1.tar.gz", hash = "sha256:9f28306018cbd6d329e64a36d58256edff76dd996fe423bc957326e578b82a94", size = 276966, upload-time = "2026-09-05T10:42:39.44Z" }
wheels = [
    { url = "https://files.pythonhosted.org/packages/12/b8/4bd346e22b28902df4d651910f5242c28d84e4a5c2435ca5c3f797ed7e2e/anyio-4.15.1-py3-none-any.whl", hash = "sha256:6152fdbbf9a77fdec97731721bebf7c4c44f7c29b424b0065826173efc7ed101", size = 132079, upload-time = "2026-09-05T10:42:37.923Z" },
]

[[package]]
name = "certifi"
version = "2026.7.22"
source = { registry = "https://pypi.org/simple" }
sdist = { url = "https://files.pythonhosted.org/packages/a3/c2/24167ea9858356b47a87a50d39908bfdb72ceeefe0041586e704e5376b3a/certifi-2026.7.22.tar.gz", hash = "sha256:741e2c3b351ddf169a738da9f2c048608ff7f2c5cc02f1ebc6b118bb090d5d55", size = 138112, upload-time = "2026-07-22T03:35:12.644Z" }
wheels = [
    { url = "https://files.pythonhosted.org/packages/0b/a7/71ac2cff56fec219ed242bb11b8efb69fcc4bec75db06fb7bfe35de520e6/certifi-2026.7.22-py3-none-any.whl", hash = "sha256:62f22742b58a1a33014a2b6b706588a8d7e2a88ae7bd1a6ebe8c992928483775", size = 136983, upload-time = "2026-07-22T03:35:11.276Z" },
]

[[package]]
name = "cftime"
version = "1.6.6"
source = { registry = "https://pypi.org/simple" }
dependencies = [
    { name = "numpy" },
]
sdist = { url = "https://files.pythonhosted.org/packages/16/6c/a441b7760eff421d7165fafbe124dd8babb34461aa1574dce5628e80137f/cftime-1.6.6.tar.gz", hash = "sha256:7b2716b3dce97ba1740189c424ce97bd6f8e65391b7fe323c6f0f817f6a8ad56", size = 380802, upload-time = "2026-09-28T19:26:47.659Z" }
wheels = [
    { url = "https://files.pythonhosted.org/packages/ef/d4/8dfd6eb487869d3e1032721d4d5dcb294a9d2fe767475e4f2bf7b0c6fc26/cftime-1.6.6-cp311-abi3-macosx_10_9_x86_64.whl", hash = "sha256:7a3e80e48b8cdb61a6f46b135e79e669ffd56ca586bafdb834ffb2cceeb81e6c", size = 549426, upload-time = "2026-09-28T19:26:37.905Z" },
    { url = "https://files.pythonhosted.org/packages/8a/7e/d4d8e1aa5b3083ef387c6c6a4d2e4fe7445d1d0bfbe6ebc52eeea0fbe674/cftime-1.6.6-cp311-abi3-macosx_11_0_arm64.whl", hash = "sha256:6aa8944676baa3f2a05c0663723d29a99cbd5bd573588207b48ed9129520e893", size = 543496, upload-time = "2026-09-28T19:26:39.9Z" },
    { url = "https://files.pythonhosted.org/packages/b4/aa/e2e5c07f57233d171a0506153d2f50dc3d09e9f6273b2a578f76379d1526/cftime-1.6.6-cp311-abi3-manylinux1_x86_64.manylinux_2_28_x86_64.manylinux_2_5_x86_64.whl", hash = "sha256:59a2c7821642b62c18e71ea67f84ce13ec2bb51ce7ee348cf0a3c50d55fd91cb", size = 1672639, upload-time = "2026-09-28T19:26:41.765Z" },
    { url = "https://files.pythonhosted.org/packages/a5/cc/916e9fcb206176f9e9535079b8217e2f158e61ded73afbd2fe1a2a8682a6/cftime-1.6.6-cp311-abi3-manylinux2014_aarch64.manylinux_2_17_aarch64.manylinux_2_28_aarch64.whl", hash = "sha256:81c62149a7c614491596d8f897f2026c1dc23f2a4695b2b27871cc9c50084e94", size = 1641425, upload-time = "2026-09-28T19:26:43.437Z" },
    { url = "https://files.pythonhosted.org/packages/8c/5c/2e0ec08350739e9b000b24ff413788838c5f8a47392418464e03497cb4b4/cftime-1.6.6-cp311-abi3-win_amd64.whl", hash = "sha256:5f8aeb9410d0124df40c272d9c13dc761a2e9d1e96f44695804a38472a136c67", size = 512693, upload-time = "2026-09-28T19:26:44.827Z" },
    { url = "https://files.pythonhosted.org/packages/f3/55/f4e24f5734578fa6952674c319519481174ec6d7e8a3eae83f067b56da3d/cftime-1.6.6-cp311-abi3-win_arm64.whl", hash = "sha256:0d1a6bcfa29bf05f14460e4aedac2b210acdb50a038e5e8e16486a7eead06a3b", size = 494572, upload-time = "2026-09-28T19:26:46.25Z" },
]

[[package]]
name = "donfig"
version = "0.8.1.post1"
source = { registry = "https://pypi.org/simple" }
dependencies = [
    { name = "pyyaml" },
]
sdist = { url = "https://files.pythonhosted.org/packages/25/71/80cc718ff6d7abfbabacb1f57aaa42e9c1552bfdd01e64ddd704e4a03638/donfig-0.8.1.post1.tar.gz", hash = "sha256:3bef3413a4c1c601b585e8d297256d0c1470ea012afa6e8461dc28bfb7c23f52", size = 19506, upload-time = "2024-05-23T14:14:31.513Z" }
wheels = [
    { url = "https://files.pythonhosted.org/packages/0c/d5/c5db1ea3394c6e1732fb3286b3bd878b59507a8f77d32a2cebda7d7b7cd4/donfig-0.8.1.post1-py3-none-any.whl", hash = "sha256:2a3175ce74a06109ff9307d90a230f81215cbac9a751f4d1c6194644b8204f9d", size = 21592, upload-time = "2024-05-23T14:13:55.283Z" },
]

[[package]]
name = "google-crc32c"
version = "1.9.0"
source = { registry = "https://pypi.org/simple" }
sdist = { url = "https://files.pythonhosted.org/packages/fa/25/9cb0c1c31c45b893eb8f11ae70b3f4309432d59b5acaebca5dbe791729a4/google_crc32c-1.9.0.tar.gz", hash = "sha256:7b8c84c3d159ab6817fe3f74e6e6cef099c3f95dcec3abc0d8afb1404642efbe", size = 14857, upload-time = "2026-09-24T21:39:32.067Z" }
wheels = [
    { url = "https://files.pythonhosted.org/packages/e4/5d/0730e1b3a14d054d1466f2fec88dadf978509c749a3d96d8b069cc56d38a/google_crc32c-1.9.0-cp312-cp312-macosx_12_0_arm64.whl", hash = "sha256:53fdafef58e230d0c946ab5f8446d123d9f548230a73b29c8b41c9546f268bc1", size = 31961, upload-time = "2026-09-24T21:19:01.724Z" },
    { url = "https://files.pythonhosted.org/packages/dd/32/d085abaf2fd907121975b92245bb3480fb8be40c37d03f9d6c41857f84c3/google_crc32c-1.9.0-cp312-cp312-macosx_12_0_x86_64.whl", hash = "sha256:8b91f41645b15a720357183fa5716682ada441873e3c462c15f9714be36f146b", size = 31804, upload-time = "2026-09-24T21:22:25.81Z" },
    { url = "https://files.pythonhosted.org/packages/94/78/dd1935432337e5da7af391a6fc9f161c1c8e9b9002a402b9190135fe1b59/google_crc32c-1.9.0-cp312-cp312-manylinux2014_aarch64.manylinux_2_17_aarch64.whl", hash = "sha256:16865b477d7941712cb0e0aad8ad4815e984fb5fc16d3fdaef7d986e26e53c95", size = 37775, upload-time = "2026-09-24T21:38:09.249Z" },
    { url = "https://files.pythonhosted.org/packages/9e/43/9db03635bb10188d93dcbab9baa2a8670a0da4e868b4370cdbd98d65fed8/google_crc32c-1.9.0-cp312-cp312-manylinux2014_x86_64.manylinux_2_17_x86_64.whl", hash = "sha256:3abb18297d9ef0ab120531838be0e6d68c9fa876570e11c229c48f2edac23ce7", size = 36347, upload-time = "2026-09-24T21:38:10.141Z" },
    { url = "https://files.pythonhosted.org/packages/cf/eb/94dee516c846bd9382c3f566d8f8e5fb9e90599e45afeb697f9fc2533528/google_crc32c-1.9.0-cp312-cp312-win_amd64.whl", hash = "sha256:fb63a8d7fa2e95dcff1ca16af2f4d88b526fa5ff72d1696285884ac2d49b6963", size = 35097, upload-time = "2026-09-24T21:39:28.934Z" },
]

[[package]]
name = "h11"
version = "0.16.0"
source = { registry = "https://pypi.org/simple" }
sdist = { url = "https://files.pythonhosted.org/packages/01/ee/02a2c011bdab74c6fb3c75474d40b3052059d95df7e73351460c8588d963/h11-0.16.0.tar.gz", hash = "sha256:4e35b956cf45792e4caa5885e69fba00bdbc6ffafbfa020300e549b208ee5ff1", size = 101250, upload-time = "2025-04-24T03:35:25.427Z" }
wheels = [
    { url = "https://files.pythonhosted.org/packages/04/4b/29cac41a4d98d144bf5f6d33995617b185d14b22401f75ca86f384e87ff1/h11-0.16.0-py3-none-any.whl", hash = "sha256:63cf8bbe7522de3bf65932fda1d9c2772064ffb3dae62d55932da54b31cb6c86", size = 37515, upload-time = "2025-04-24T03:35:24.344Z" },
]

[[package]]
name = "httpcore"
version = "1.0.9"
source = { registry = "https://pypi.org/simple" }
dependencies = [
    { name = "certifi" },
    { name = "h11" },
]
sdist = { url = "https://files.pythonhosted.org/packages/06/94/82699a10bca87a5556c9c59b5963f2d039dbd239f25bc2a63907a05a14cb/httpcore-1.0.9.tar.gz", hash = "sha256:6e34463af53fd2ab5d807f399a9b45ea31c3dfa2276f15a2c3f00afff6e176e8", size = 85484, upload-time = "2025-04-24T22:06:22.219Z" }
wheels = [
    { url = "https://files.pythonhosted.org/packages/7e/f5/f66802a942d491edb555dd61e3a9961140fd64c90bce1eafd741609d334d/httpcore-1.0.9-py3-none-any.whl", hash = "sha256:2d400746a40668fc9dec9810239072b40b4484b640a8c38fd654a024c7a1bf55", size = 78784, upload-time = "2025-04-24T22:06:20.566Z" },
]

[[package]]
name = "httpx"
version = "0.28.1"
source = { registry = "https://pypi.org/simple" }
dependencies = [
    { name = "anyio" },
    { name = "certifi" },
    { name = "httpcore" },
    { name = "idna" },
]
sdist = { url = "https://files.pythonhosted.org/packages/b1/df/48c586a5fe32a0f01324ee087459e112ebb7224f646c0b5023f5e79e9956/httpx-0.28.1.tar.gz", hash = "sha256:75e98c5f16b0f35b567856f597f06ff2270a374470a5c2392242528e3e3e42fc", size = 141406, upload-time = "2024-12-06T15:37:23.222Z" }
wheels = [
    { url = "https://files.pythonhosted.org/packages/2a/39/e50c7c3a983047577ee07d2a9e53faf5a69493943ec3f6a384bdc792deb2/httpx-0.28.1-py3-none-any.whl", hash = "sha256:d909fcccc110f8c7faf814ca82a9a4d816bc5a6dbfea25d6591d6985b8ba59ad", size = 73517, upload-time = "2024-12-06T15:37:21.509Z" },
]

[[package]]
name = "idna"
version = "3.20"
source = { registry = "https://pypi.org/simple" }
sdist = { url = "https://files.pythonhosted.org/packages/f5/08/8eea9d4b8302028f3abb2c0813953f7aec26d33b7a8960ed760e65ff29fa/idna-3.20.tar.gz", hash = "sha256:a7db850025b95ded1eae8a46181a1a6c56c92c96f0e2b005d9ff8dc0210cab44", size = 216463, upload-time = "2026-09-17T14:11:04.752Z" }
wheels = [
    { url = "https://files.pythonhosted.org/packages/58/a2/bb081bab032533a855d44de1d56f8e8426114ff1ba5d1f07a438a0a654f8/idna-3.20-py3-none-any.whl", hash = "sha256:ab7ae7122974553370f0bdb919e1a960b2cd1bc1ef0276416d896db81c14582c", size = 69583, upload-time = "2026-09-17T14:11:03.168Z" },
]

[[package]]
name = "msgspec"
version = "0.22.0"
source = { registry = "https://pypi.org/simple" }
sdist = { url = "https://files.pythonhosted.org/packages/d0/e6/6dcf9306ff3c5e486578f3bf29ed11dfbdbbc2a8bf0caf7e07d392887fda/msgspec-0.22.0.tar.gz", hash = "sha256:0a13624a4969159fe35d8c2a3d377b2b61bbd8585e327440d5e52725affcce38", size = 343188, upload-time = "2026-09-29T14:14:11.422Z" }
wheels = [
    { url = "https://files.pythonhosted.org/packages/a4/87/3e017dca361d09ed1cd09dc981a6df21b32e830fbec3470f7486d38b6be5/msgspec-0.22.0-cp312-cp312-macosx_10_13_x86_64.whl", hash = "sha256:ab1e9e7531e353653b906cdd12a0220cc288a1e8e3436aabc65f4508d91b14d9", size = 201301, upload-time = "2026-09-29T14:12:38.048Z" },
    { url = "https://files.pythonhosted.org/packages/fb/02/109165edaafb895668d87177972a32ade9126a54f3736123d8e44be9096d/msgspec-0.22.0-cp312-cp312-macosx_11_0_arm64.whl", hash = "sha256:b60b43425a47eb9cfe987f6874e354ca7c760e58e295b4e2273ff03574df28a1", size = 193044, upload-time = "2026-09-29T14:12:39.46Z" },
    { url = "https://files.pythonhosted.org/packages/54/a5/65de05f8804492f76ea121b21a125cdf1d97ec461c677bfa0ba354d6fbdd/msgspec-0.22.0-cp312-cp312-manylinux2014_aarch64.manylinux_2_17_aarch64.manylinux_2_28_aarch64.whl", hash = "sha256:b5a169b5b03f0f2c7a296c002647db1dab75d2cd501bca34e32b71cab0261b56", size = 224035, upload-time = "2026-09-29T14:12:40.876Z" },
    { url = "https://files.pythonhosted.org/packages/4a/cc/aa1a47f8c92280d37498a5ea56a2a36606d034383e3e6472d64cbb56cf85/msgspec-0.22.0-cp312-cp312-manylinux2014_x86_64.manylinux_2_17_x86_64.manylinux_2_28_x86_64.whl", hash = "sha256:99c401861c5bb3a57f7d6423ea7ed4352cd57aa3f04f4fbe9f3e3e4564a10f08", size = 230377, upload-time = "2026-09-29T14:12:42.796Z" },
    { url = "https://files.pythonhosted.org/packages/61/50/f8bcdb3d613a4a4b92704297a12eba5c985cf572a64ee1a004d265759c69/msgspec-0.22.0-cp312-cp312-manylinux_2_31_riscv64.manylinux_2_39_riscv64.whl", hash = "sha256:08826f5e5b0fa2f7a88592c396a243cfcc63d37e19f9d4fbe3b3f1be2fbdc404", size = 237390, upload-time = "2026-09-29T14:12:44.282Z" },
    { url = "https://files.pythonhosted.org/packages/cf/8a/473fa423f8fdd1b810b8652594323d7301df6920b62844d860daa0feff34/msgspec-0.22.0-cp312-cp312-musllinux_1_2_aarch64.whl", hash = "sha256:21460f54cee9208239b1a8421fdf25bffc77293e1daba88f585711ad839b9758", size = 227733, upload-time = "2026-09-29T14:12:45.839Z" },
    { url = "https://files.pythonhosted.org/packages/03/1d/272ce23adae6c71b3f763aed3ee6e115cccc56124ed8ee0e3e3d2681e2c8/msgspec-0.22.0-cp312-cp312-musllinux_1_2_riscv64.whl", hash = "sha256:cfc3d9557de9c806318725b702f3e664db33167bb42892079b693c69893fd33b", size = 236783, upload-time = "2026-09-29T14:12:47.234Z" },
    { url = "https://files.pythonhosted.org/packages/f6/26/29e0b9a8605c8819a3c718158e345a616ac42c092dd7d7ab248c2f2b0a72/msgspec-0.22.0-cp312-cp312-musllinux_1_2_x86_64.whl", hash = "sha256:0b25dcbc108783cb72503ed705b9fbb8c3cb02ee5801923f44b5f038c91cc365", size = 232728, upload-time = "2026-09-29T14:12:48.792Z" },
    { url = "https://files.pythonhosted.org/packages/e1/a6/99597c281d716da6c662b48dcc3f734669f716b41d5df2af367dac9e7c21/msgspec-0.22.0-cp312-cp312-win_amd64.whl", hash = "sha256:6ad64f5c260866b0d543f89f50cee43628989c1433c5de7ce820281fa28a2611", size = 192885, upload-time = "2026-09-29T14:12:50.274Z" },
    { url = "https://files.pythonhosted.org/packages/46/80/85fff923d448b886ec3a85900c578d9367f08dad54fe48879495b4c6d055/msgspec-0.22.0-cp312-cp312-win_arm64.whl", hash = "sha256:0922714feff5300aacd8ecd65fa828317ce4bf5212b3139258c0bfc0253cd80e", size = 191223, upload-time = "2026-09-29T14:12:51.699Z" },
]

[[package]]
name = "numcodecs"
version = "0.17.0"
source = { registry = "https://pypi.org/simple" }
dependencies = [
    { name = "numpy" },
    { name = "typing-extensions" },
]
sdist = { url = "https://files.pythonhosted.org/packages/dd/ec/260cdb6304868de6db14eb31064bd2735c0200bcb3331d6b4c9e9be02a03/numcodecs-0.17.0.tar.gz", hash = "sha256:e8db2e337bdafd3bb5f891a2543b53b2b36a509ce9d587af2846db3715b6c8b9", size = 6288352, upload-time = "2026-09-17T18:12:42.262Z" }
wheels = [
    { url = "https://files.pythonhosted.org/packages/8f/e8/28cc96c77078ffcd08579211297cbf1f8ca6e76b4b53c8fbc029b879aaa8/numcodecs-0.17.0-cp312-cp312-macosx_10_13_x86_64.whl", hash = "sha256:2e29732c5e3a83663e51b40007819d8fd0aae16a2322f7044ce13a2460a99e23", size = 1171637, upload-time = "2026-09-17T18:12:12.765Z" },
    { url = "https://files.pythonhosted.org/packages/96/59/1cde6df2f9baa26a1a21c36ac10312062acace29e5c95e029d8da9cf7c3d/numcodecs-0.17.0-cp312-cp312-macosx_11_0_arm64.whl", hash = "sha256:d30c69b4bdb1755af1022fa913e184eaadc4fc0cd38f736e483e8ad205e130d1", size = 978974, upload-time = "2026-09-17T18:12:14.496Z" },
    { url = "https://files.pythonhosted.org/packages/ef/86/15e1cc4e6644d7e33be613d17bb7cc939b1862ccd975fa2ce1055a1e3045/numcodecs-0.17.0-cp312-cp312-manylinux2014_aarch64.manylinux_2_17_aarch64.manylinux_2_28_aarch64.whl", hash = "sha256:1837d4d1d646cecd3ab2d1ba22956295d709edea0bddc952737c647bec1d03c4", size = 1384196, upload-time = "2026-09-17T18:12:16.327Z" },
    { url = "https://files.pythonhosted.org/packages/73/ca/b784745f189a12ccef60517c0c8526d579b40f35da4463c30c07a4677366/numcodecs-0.17.0-cp312-cp312-manylinux2014_x86_64.manylinux_2_17_x86_64.manylinux_2_28_x86_64.whl", hash = "sha256:1ebd63cdb8985c66257bc037fcdff5f38637aff72d7ef62612ec46f2299e8749", size = 1436978, upload-time = "2026-09-17T18:12:17.731Z" },
    { url = "https://files.pythonhosted.org/packages/7f/b0/f8b3852828c6712eae36e031d763cd52c2777290406066eae0b2a527c05f/numcodecs-0.17.0-cp312-cp312-win_amd64.whl", hash = "sha256:ecd0f6a10e3f8afbbb16ecc999d2b06aa2a31a2946f1c1a85d15d91a1ebcfef3", size = 1496300, upload-time = "2026-09-17T18:12:19.319Z" },
]

[[package]]
name = "numpy"
version = "2.5.3"
source = { registry = "https://pypi.org/simple" }
sdist = { url = "https://files.pythonhosted.org/packages/13/01/11703282db468b85f6f7b8c7f22d058de5970d5c7e60a3a8aaa313c3de36/numpy-2.5.3.tar.gz", hash = "sha256:df2d5874ff183595a4ba404edd04f6bd9b5505c1d7708573f6a6c17489a67563", size = 20791231, upload-time = "2026-09-06T16:27:47.073Z" }
wheels = [
    { url = "https://files.pythonhosted.org/packages/d6/50/8fdbb16af64895706a45f06a4068e29db732ec180f3c1375f14123359138/numpy-2.5.3-cp312-cp312-macosx_10_13_x86_64.whl", hash = "sha256:cb189f09db39283b26bfd061ec16189e14f71c6755207f72a0f7540867afe5b9", size = 16994982, upload-time = "2026-09-06T16:24:29.244Z" },
    { url = "https://files.pythonhosted.org/packages/60/39/789131c1188c078dcb3a1692e72e1e050c68b88ffe72c9ccaac9bcd7a9cd/numpy-2.5.3-cp312-cp312-macosx_11_0_arm64.whl", hash = "sha256:f59a878c33d6b88122d80d239bb3b845d58708750b0cb06a09aebb9b18ec696c", size = 12009327, upload-time = "2026-09-06T16:24:32.491Z" },
    { url = "https://files.pythonhosted.org/packages/9c/59/a312e95696e5f601914dd8b6dd844692ba61670807417e24b68e337b5c70/numpy-2.5.3-cp312-cp312-macosx_14_0_arm64.whl", hash = "sha256:a72f874bc9e10e4b8f80426fb49716d5141f64442a0c8418065093ec8017fbb0", size = 5445405, upload-time = "2026-09-06T16:24:35.071Z" },
    { url = "https://files.pythonhosted.org/packages/30/d0/5623a1707ed4fe16e3909fe3cf5ee3da004ae677ad23d83bbf3adf1a6faf/numpy-2.5.3-cp312-cp312-macosx_14_0_x86_64.whl", hash = "sha256:fc36dc566135b5eceec4cf89758fcb719266a019ef07dae1754ae7c9f617ef3e", size = 6783213, upload-time = "2026-09-06T16:24:37.253Z" },
    { url = "https://files.pythonhosted.org/packages/f1/32/84146fc020ad3c25f805f70ab60da46fe3c540a21369754a7e4369754b6f/numpy-2.5.3-cp312-cp312-manylinux_2_27_aarch64.manylinux_2_28_aarch64.whl", hash = "sha256:76c2c1e6bfa5c84adc6434dfbf013aa92096a7985221762c8f11fedfd20fff58", size = 15687872, upload-time = "2026-09-06T16:24:39.751Z" },
    { url = "https://files.pythonhosted.org/packages/65/af/aa78d1a88805456e212b65461354cd943197fb9acecc4c90fd12295123a3/numpy-2.5.3-cp312-cp312-manylinux_2_27_x86_64.manylinux_2_28_x86_64.whl", hash = "sha256:b7e18c623bb5c95acb3b3328861272816ba199fb531921c5d6d0b675f1fde9e3", size = 16717410, upload-time = "2026-09-06T16:24:42.745Z" },
    { url = "https://files.pythonhosted.org/packages/3b/24/faa79d865e69a97ba17473b23a1b74094b2259c03e820c70297293b9ea49/numpy-2.5.3-cp312-cp312-musllinux_1_2_aarch64.whl", hash = "sha256:4f8929ee6c96bfbd7b4ed2032e0c03af86fe1826740ab61ddabf9072d06e57ff", size = 17040975, upload-time = "2026-09-06T16:24:45.961Z" },
    { url = "https://files.pythonhosted.org/packages/62/4a/8877e629445a7176297dffcaf9c485faa96a95d81728a62521ad55bd4c0f/numpy-2.5.3-cp312-cp312-musllinux_1_2_x86_64.whl", hash = "sha256:b5d93cf48f687479941d12b69c873ad2cc76bbd487f0091c2200636497f34034", size = 18476479, upload-time = "2026-09-06T16:24:49.35Z" },
    { url = "https://files.pythonhosted.org/packages/c8/db/35e1c2d38b04cbd5b731f9d71495e055e813197669d22b612f11748d2ff9/numpy-2.5.3-cp312-cp312-win32.whl", hash = "sha256:bf63afbe037eb5d2fe87fbcc7778e61da53ebaf21d938a4515aa73b62532a5d4", size = 6133378, upload-time = "2026-09-06T16:24:51.915Z" },
    { url = "https://files.pythonhosted.org/packages/3c/a1/accf6d4f0c80c5d9ba9735d6b1550e444180599f34dec69ca01360f717ad/numpy-2.5.3-cp312-cp312-win_amd64.whl", hash = "sha256:0a59a421a32580a009e8a1751345bf829631b990dc1794b80514ab722b435def", size = 12567828, upload-time = "2026-09-06T16:24:54.255Z" },
    { url = "https://files.pythonhosted.org/packages/22/43/1764aff32e4652526ae2f71fa8b3efd8d25c8a3d6926914454e47138ed1e/numpy-2.5.3-cp312-cp312-win_arm64.whl", hash = "sha256:ccb32e0525d29e8b0572eb84c9a57af0e7a4e615726927506f55063c62414034", size = 10485432, upload-time = "2026-09-06T16:24:57.278Z" },
]

[[package]]
name = "packaging"
version = "26.3"
source = { registry = "https://pypi.org/simple" }
sdist = { url = "https://files.pythonhosted.org/packages/7d/fa/3944b40b07da9ce895c0e6303a5ab7d53da063554f534556b134a54d6093/packaging-26.3.tar.gz", hash = "sha256:94edc256424af38762eb31306eed28beb9f0efc50a8837492c9d6fd6004aed79", size = 313412, upload-time = "2026-08-04T18:15:28.737Z" }
wheels = [
    { url = "https://files.pythonhosted.org/packages/63/34/ba1c580383c9eada3711951fef0795c80b829a078d72188184bcab9dd527/packaging-26.3-py3-none-any.whl", hash = "sha256:d7193f7c8e4e93f444fde0262bf90af30e16fa0ad0ad44cb553c87339b23cd1c", size = 129956, upload-time = "2026-08-04T18:15:27.159Z" },
]

[[package]]
name = "pandas"
version = "3.0.6"
source = { registry = "https://pypi.org/simple" }
dependencies = [
    { name = "numpy" },
    { name = "python-dateutil" },
    { name = "tzdata", marker = "sys_platform == 'emscripten' or sys_platform == 'win32'" },
]
sdist = { url = "https://files.pythonhosted.org/packages/e2/17/d7b106e05bfa642e8694451e7d3d759c6a241c5386a5d962e4f66c047e06/pandas-3.0.6.tar.gz", hash = "sha256:66b07ef7315a31bfe1089cd3d71a7de781c9dca986762d0b4fe7c0ef17465d10", size = 4667686, upload-time = "2026-09-17T23:23:18.345Z" }
wheels = [
    { url = "https://files.pythonhosted.org/packages/77/4c/597d588c055d4373cff19cbbc32d4dd046c7be8fadee957585b5ba9e5b24/pandas-3.0.6-cp312-cp312-macosx_10_13_x86_64.whl", hash = "sha256:7dac2d65e9087e8e7b5a45fe15c4920911a221df061ab629943ce016489145c7", size = 10397411, upload-time = "2026-09-17T23:20:49.465Z" },
    { url = "https://files.pythonhosted.org/packages/18/8f/48907c7c707b61a8e5018c32e1a3f70623209bfb59020a2f6196159d3aa7/pandas-3.0.6-cp312-cp312-macosx_11_0_arm64.whl", hash = "sha256:9dab635a549e58a053c7b0fa054dc0bd7be22f0ed9a720f4a85d5fb993276172", size = 10051279, upload-time = "2026-09-17T23:20:52.409Z" },
    { url = "https://files.pythonhosted.org/packages/67/fa/613d867c3d9554a61bafdec6f79565c8a3e73235feb52cc4a72ad2e0fa6a/pandas-3.0.6-cp312-cp312-manylinux_2_24_aarch64.manylinux_2_28_aarch64.whl", hash = "sha256:e3dccb584123b399c07562ac4d62543e90ede49ddf8ce3c13ffc64cbe828c281", size = 10303429, upload-time = "2026-09-17T23:20:55.597Z" },
    { url = "https://files.pythonhosted.org/packages/cb/67/0c0f18e38d7f2d2af8c24b3315bc4046e73bbdd4a5540405506671ad0c0d/pandas-3.0.6-cp312-cp312-manylinux_2_24_x86_64.manylinux_2_28_x86_64.whl", hash = "sha256:0704044b676496b8350e023b09f174a26772456c974a2b11c36bebb558c9490d", size = 10788193, upload-time = "2026-09-17T23:20:58.617Z" },
    { url = "https://files.pythonhosted.org/packages/39/53/1b57f3162501fe36687e4870e1b918a6458ca7386b173af75663ace95857/pandas-3.0.6-cp312-cp312-musllinux_1_2_aarch64.whl", hash = "sha256:e7c1905ef02c3d6d43d9dbd5b6ccb4da4870a0b0c821bbc103fbdb6f3ad2707b", size = 11323501, upload-time = "2026-09-17T23:21:01.911Z" },
    { url = "https://files.pythonhosted.org/packages/f2/d2/b1182e8d39100369d7f13f4a125a3fb6b096fef112c46d0566c25781ff68/pandas-3.0.6-cp312-cp312-musllinux_1_2_x86_64.whl", hash = "sha256:569e114072b24fc4970c12e2b4bab252671668a40b324318903380cab0254c0c", size = 11838173, upload-time = "2026-09-17T23:21:04.85Z" },
    { url = "https://files.pythonhosted.org/packages/c7/33/5b717af24d2f27995e51e0875a269dddd373045216e34cf62e3aa764eaa1/pandas-3.0.6-cp312-cp312-pyemscripten_2024_0_wasm32.whl", hash = "sha256:2a8fc94be2ee5f1d86f97aacd8cc566f81680b6498e76f3007421bb5d98151bf", size = 7118499, upload-time = "2026-09-17T23:21:07.661Z" },
    { url = "https://files.pythonhosted.org/packages/bd/2a/14b3b17cd75cef4a1ee1af4234eb41cc1afe4103b98c2d80e8916abfd42b/pandas-3.0.6-cp312-cp312-win_amd64.whl", hash = "sha256:3ef908d28590b3f42d7070e7ad8f9b34b442b260b7f3c1afb57e0040c58cdb1b", size = 9661439, upload-time = "2026-09-17T23:21:10.959Z" },
    { url = "https://files.pythonhosted.org/packages/3b/11/3d580a604a1e35d69f6676847bd12db7d14344bc677b717f4413e79c5d0d/pandas-3.0.6-cp312-cp312-win_arm64.whl", hash = "sha256:f4e7c52eb108d752e7592268108fd3e98efd76d83a3125cdd06c621c2e44359b", size = 8959806, upload-time = "2026-09-17T23:21:13.851Z" },
]

[[package]]
name = "python-dateutil"
version = "2.9.0.post0"
source = { registry = "https://pypi.org/simple" }
dependencies = [
    { name = "six" },
]
sdist = { url = "https://files.pythonhosted.org/packages/66/c0/0c8b6ad9f17a802ee498c46e004a0eb49bc148f2fd230864601a86dcf6db/python-dateutil-2.9.0.post0.tar.gz", hash = "sha256:37dd54208da7e1cd875388217d5e00ebd4179249f90fb72437e91a35459a0ad3", size = 342432, upload-time = "2024-03-01T18:36:20.211Z" }
wheels = [
    { url = "https://files.pythonhosted.org/packages/ec/57/56b9bcc3c9c6a792fcbaf139543cee77261f3651ca9da0c93f5c1221264b/python_dateutil-2.9.0.post0-py2.py3-none-any.whl", hash = "sha256:a8b2bc7bffae282281c8140a97d3aa9c14da0b136dfe83f850eea9a5f7470427", size = 229892, upload-time = "2024-03-01T18:36:18.57Z" },
]

[[package]]
name = "python-dotenv"
version = "1.2.3"
source = { registry = "https://pypi.org/simple" }
sdist = { url = "https://files.pythonhosted.org/packages/6a/53/ed9d74092561d4b01a2ef1349d52cdbc135e526c245f366b089cfca6de49/python_dotenv-1.2.3.tar.gz", hash = "sha256:a20a594dabeaa385725aa239d5244871c143ecb356add8a20fcf23773a6c3a35", size = 58945, upload-time = "2026-08-16T16:54:54.067Z" }
wheels = [
    { url = "https://files.pythonhosted.org/packages/0d/17/c5c6b53ddc18f297992099b3d9ec16c855c0ccc83263a21fe4d1c625ec6c/python_dotenv-1.2.3-py3-none-any.whl", hash = "sha256:904552145e8bfed22162c09dab1c2b9b54fefa7b23ba780f4f26ca0316b0f0d9", size = 22780, upload-time = "2026-08-16T16:54:52.473Z" },
]

[[package]]
name = "pyyaml"
version = "6.0.3"
source = { registry = "https://pypi.org/simple" }
sdist = { url = "https://files.pythonhosted.org/packages/05/8e/961c0007c59b8dd7729d542c61a4d537767a59645b82a0b521206e1e25c2/pyyaml-6.0.3.tar.gz", hash = "sha256:d76623373421df22fb4cf8817020cbb7ef15c725b9d5e45f17e189bfc384190f", size = 130960, upload-time = "2025-09-25T21:33:16.546Z" }
wheels = [
    { url = "https://files.pythonhosted.org/packages/d1/33/422b98d2195232ca1826284a76852ad5a86fe23e31b009c9886b2d0fb8b2/pyyaml-6.0.3-cp312-cp312-macosx_10_13_x86_64.whl", hash = "sha256:7f047e29dcae44602496db43be01ad42fc6f1cc0d8cd6c83d342306c32270196", size = 182063, upload-time = "2025-09-25T21:32:11.445Z" },
    { url = "https://files.pythonhosted.org/packages/89/a0/6cf41a19a1f2f3feab0e9c0b74134aa2ce6849093d5517a0c550fe37a648/pyyaml-6.0.3-cp312-cp312-macosx_11_0_arm64.whl", hash = "sha256:fc09d0aa354569bc501d4e787133afc08552722d3ab34836a80547331bb5d4a0", size = 173973, upload-time = "2025-09-25T21:32:12.492Z" },
    { url = "https://files.pythonhosted.org/packages/ed/23/7a778b6bd0b9a8039df8b1b1d80e2e2ad78aa04171592c8a5c43a56a6af4/pyyaml-6.0.3-cp312-cp312-manylinux2014_aarch64.manylinux_2_17_aarch64.manylinux_2_28_aarch64.whl", hash = "sha256:9149cad251584d5fb4981be1ecde53a1ca46c891a79788c0df828d2f166bda28", size = 775116, upload-time = "2025-09-25T21:32:13.652Z" },
    { url = "https://files.pythonhosted.org/packages/65/30/d7353c338e12baef4ecc1b09e877c1970bd3382789c159b4f89d6a70dc09/pyyaml-6.0.3-cp312-cp312-manylinux2014_s390x.manylinux_2_17_s390x.manylinux_2_28_s390x.whl", hash = "sha256:5fdec68f91a0c6739b380c83b951e2c72ac0197ace422360e6d5a959d8d97b2c", size = 844011, upload-time = "2025-09-25T21:32:15.21Z" },
    { url = "https://files.pythonhosted.org/packages/8b/9d/b3589d3877982d4f2329302ef98a8026e7f4443c765c46cfecc8858c6b4b/pyyaml-6.0.3-cp312-cp312-manylinux2014_x86_64.manylinux_2_17_x86_64.manylinux_2_28_x86_64.whl", hash = "sha256:ba1cc08a7ccde2d2ec775841541641e4548226580ab850948cbfda66a1befcdc", size = 807870, upload-time = "2025-09-25T21:32:16.431Z" },
    { url = "https://files.pythonhosted.org/packages/05/c0/b3be26a015601b822b97d9149ff8cb5ead58c66f981e04fedf4e762f4bd4/pyyaml-6.0.3-cp312-cp312-musllinux_1_2_aarch64.whl", hash = "sha256:8dc52c23056b9ddd46818a57b78404882310fb473d63f17b07d5c40421e47f8e", size = 761089, upload-time = "2025-09-25T21:32:17.56Z" },
    { url = "https://files.pythonhosted.org/packages/be/8e/98435a21d1d4b46590d5459a22d88128103f8da4c2d4cb8f14f2a96504e1/pyyaml-6.0.3-cp312-cp312-musllinux_1_2_x86_64.whl", hash = "sha256:41715c910c881bc081f1e8872880d3c650acf13dfa8214bad49ed4cede7c34ea", size = 790181, upload-time = "2025-09-25T21:32:18.834Z" },
    { url = "https://files.pythonhosted.org/packages/74/93/7baea19427dcfbe1e5a372d81473250b379f04b1bd3c4c5ff825e2327202/pyyaml-6.0.3-cp312-cp312-win32.whl", hash = "sha256:96b533f0e99f6579b3d4d4995707cf36df9100d67e0c8303a0c55b27b5f99bc5", size = 137658, upload-time = "2025-09-25T21:32:20.209Z" },
    { url = "https://files.pythonhosted.org/packages/86/bf/899e81e4cce32febab4fb42bb97dcdf66bc135272882d1987881a4b519e9/pyyaml-6.0.3-cp312-cp312-win_amd64.whl", hash = "sha256:5fcd34e47f6e0b794d17de1b4ff496c00986e1c83f7ab2fb8fcfe9616ff7477b", size = 154003, upload-time = "2025-09-25T21:32:21.167Z" },
    { url = "https://files.pythonhosted.org/packages/1a/08/67bd04656199bbb51dbed1439b7f27601dfb576fb864099c7ef0c3e55531/pyyaml-6.0.3-cp312-cp312-win_arm64.whl", hash = "sha256:64386e5e707d03a7e172c0701abfb7e10f0fb753ee1d773128192742712a98fd", size = 140344, upload-time = "2025-09-25T21:32:22.617Z" },
]

[[package]]
name = "six"
version = "1.17.0"
source = { registry = "https://pypi.org/simple" }
sdist = { url = "https://files.pythonhosted.org/packages/94/e7/b2c673351809dca68a0e064b6af791aa332cf192da575fd474ed7d6f16a2/six-1.17.0.tar.gz", hash = "sha256:ff70335d468e7eb6ec65b95b99d3a2836546063f63acc5171de367e834932a81", size = 34031, upload-time = "2024-12-04T17:35:28.174Z" }
wheels = [
    { url = "https://files.pythonhosted.org/packages/b7/ce/149a00dd41f10bc29e5921b496af8b574d8413afcd5e30dfa0ed46c2cc5e/six-1.17.0-py2.py3-none-any.whl", hash = "sha256:4721f391ed90541fddacab5acf947aa0d3dc7d27b2e1e8eda2be8970586c3274", size = 11050, upload-time = "2024-12-04T17:35:26.475Z" },
]

[[package]]
name = "typing-extensions"
version = "4.16.0"
source = { registry = "https://pypi.org/simple" }
sdist = { url = "https://files.pythonhosted.org/packages/f6/cc/6253133b5bb138fc3306cebfbda2c520f545d36b5be2c7255cc528bb45d6/typing_extensions-4.16.0.tar.gz", hash = "sha256:dc983d19a509c94dba722ee6abd33940f7c05a89e243c47e907eb4db6f1a43e5", size = 113555, upload-time = "2026-07-02T08:40:05.92Z" }
wheels = [
    { url = "https://files.pythonhosted.org/packages/49/d3/b8441a820a491ddfc024b0b0cf0393375b75ea13866d9c66727e54c2fc80/typing_extensions-4.16.0-py3-none-any.whl", hash = "sha256:481caa481374e813c1b176ada14e97f1f67a4539ce9cfeb3f350d78d6370c2e8", size = 45571, upload-time = "2026-07-02T08:40:04.659Z" },
]

[[package]]
name = "tzdata"
version = "2026.4"
source = { registry = "https://pypi.org/simple" }
sdist = { url = "https://files.pythonhosted.org/packages/e4/31/3d74fa778a63b98b7374323befcc0be5ab3bd94afd4096a0124e7379152c/tzdata-2026.4.tar.gz", hash = "sha256:f1b8bd365d8d210c55353f4d7f8d6d8561c0ba50d704b700d195a9424bba0d79", size = 199350, upload-time = "2026-09-12T12:56:03.251Z" }
wheels = [
    { url = "https://files.pythonhosted.org/packages/f9/bc/8737e8d54cf51106118039b83f485a4783112fab49ea9d044b234978a46e/tzdata-2026.4-py2.py3-none-any.whl", hash = "sha256:c2169a8b0a7a5e9674da5a135ccdfb2b3e671b333ed9fed17b41f73c34476e81", size = 347494, upload-time = "2026-09-12T12:56:01.67Z" },
]

[[package]]
name = "weather-skills-bench"
version = "0.1.0"
source = { editable = "." }
dependencies = [
    { name = "cftime" },
    { name = "httpx" },
    { name = "numpy" },
    { name = "python-dotenv" },
    { name = "xarray" },
    { name = "zarr" },
]

[package.metadata]
requires-dist = [
    { name = "cftime" },
    { name = "httpx" },
    { name = "numpy" },
    { name = "python-dotenv" },
    { name = "xarray" },
    { name = "zarr" },
]

[[package]]
name = "xarray"
version = "2026.9.0"
source = { registry = "https://pypi.org/simple" }
dependencies = [
    { name = "numpy" },
    { name = "packaging" },
    { name = "pandas" },
]
sdist = { url = "https://files.pythonhosted.org/packages/ff/f5/781c70b234f54e0401f4f7c4427a7486da38d50dbb138c7d7c55144b3d86/xarray-2026.9.0.tar.gz", hash = "sha256:6abc69694c22fa1f0fb2f357ff4e41d88beb4477ed71091f944b7dbf67ed54fe", size = 3176922, upload-time = "2026-09-29T23:06:25.807Z" }
wheels = [
    { url = "https://files.pythonhosted.org/packages/3f/44/3159af4fb3c868970a412e294320ed6bb1a9fbdfa6431050eda8e0b34b6e/xarray-2026.9.0-py3-none-any.whl", hash = "sha256:fe349fa871628b1a0a5217af3fe1283a2862d5485156e6eda354fffb81c3bb7c", size = 1445445, upload-time = "2026-09-29T23:06:23.686Z" },
]

[[package]]
name = "zarr"
version = "3.4.0"
source = { registry = "https://pypi.org/simple" }
dependencies = [
    { name = "donfig" },
    { name = "google-crc32c" },
    { name = "msgspec" },
    { name = "numcodecs" },
    { name = "numpy" },
    { name = "packaging" },
    { name = "typing-extensions" },
]
sdist = { url = "https://files.pythonhosted.org/packages/ae/29/6330391bab511e2428c2409fc15f6f32e4def9b2ee5eec4e95b8300304be/zarr-3.4.0.tar.gz", hash = "sha256:b68676576a6fc42683dfcc0daeb3c0e994f71e1680696990bde056bd3acf3542", size = 829693, upload-time = "2026-09-15T20:58:38.216Z" }
wheels = [
    { url = "https://files.pythonhosted.org/packages/2b/6c/7c9cf79cb2122f7c94a36c0456b476515fa01c1343705d5411b3e8c1a1e9/zarr-3.4.0-py3-none-any.whl", hash = "sha256:0a5e6c9b5c4139759e612556c7fb32c8ee4e4877a46b3556244093413eb72395", size = 376931, upload-time = "2026-09-15T20:58:36.565Z" },
]
